// !$*UTF8*$!
{
	archiveVersion = 1;
	classes = {
	};
	objectVersion = 77;
	objects = {

/* Begin PBXBuildFile section */
		F358F0172D2B4E0D00BCC07B /* LaunchAtLogin in Frameworks */ = {isa = PBXBuildFile; productRef = F358F0162D2B4E0D00BCC07B /* LaunchAtLogin */; };
		F358F0192D2B4E4F00BCC07B /* Settings View.swift in Sources */ = {isa = PBXBuildFile; fileRef = F358F0182D2B4E4F00BCC07B /* Settings View.swift */; };
		F3F241E02B8DE596009079CB /* Clippy Board App.swift in Sources */ = {isa = PBXBuildFile; fileRef = F3F241DF2B8DE596009079CB /* Clippy Board App.swift */; };
		F3F241E62B8DE596009079CB /* Assets.xcassets in Resources */ = {isa = PBXBuildFile; fileRef = F3F241E52B8DE596009079CB /* Assets.xcassets */; };
		F3F241F22B8DE610009079CB /* ScrechKit in Frameworks */ = {isa = PBXBuildFile; productRef = F3F241F12B8DE610009079CB /* ScrechKit */; };
		F3F241F52B8DE628009079CB /* ServiceManagement.framework in Frameworks */ = {isa = PBXBuildFile; fileRef = F3F241F42B8DE628009079CB /* ServiceManagement.framework */; };
		F3F242072B8DE64D009079CB /* Pasteboard VM.swift in Sources */ = {isa = PBXBuildFile; fileRef = F3F241F72B8DE64D009079CB /* Pasteboard VM.swift */; };
		F3F242092B8DE64D009079CB /* Pasteboard List.swift in Sources */ = {isa = PBXBuildFile; fileRef = F3F241F92B8DE64D009079CB /* Pasteboard List.swift */; };
		F3F2420B2B8DE64D009079CB /* Pasteboard Card.swift in Sources */ = {isa = PBXBuildFile; fileRef = F3F241FB2B8DE64D009079CB /* Pasteboard Card.swift */; };
		F3F2420C2B8DE64D009079CB /* Pasteboard Item.swift in Sources */ = {isa = PBXBuildFile; fileRef = F3F241FC2B8DE64D009079CB /* Pasteboard Item.swift */; };
		F3F2420E2B8DE64D009079CB /* Menu Bar Extra View.swift in Sources */ = {isa = PBXBuildFile; fileRef = F3F241FF2B8DE64D009079CB /* Menu Bar Extra View.swift */; };
		F3F242112B8DE64D009079CB /* App Container.swift in Sources */ = {isa = PBXBuildFile; fileRef = F3F242032B8DE64D009079CB /* App Container.swift */; };
		F3F242122B8DE64D009079CB /* Settings Storage.swift in Sources */ = {isa = PBXBuildFile; fileRef = F3F242042B8DE64D009079CB /* Settings Storage.swift */; };
		F3F242132B8DE64D009079CB /* Text File.swift in Sources */ = {isa = PBXBuildFile; fileRef = F3F242052B8DE64D009079CB /* Text File.swift */; };
		F3F242142B8DE64D009079CB /* Debug View.swift in Sources */ = {isa = PBXBuildFile; fileRef = F3F242062B8DE64D009079CB /* Debug View.swift */; };
/* End PBXBuildFile section */

/* Begin PBXCopyFilesBuildPhase section */
		F3E238112B8F9C11007FDE0A /* CopyFiles */ = {
			isa = PBXCopyFilesBuildPhase;
			buildActionMask = 2147483647;
			dstPath = Contents/Library/LoginItems;
			dstSubfolderSpec = 1;
			files = (
			);
			runOnlyForDeploymentPostprocessing = 0;
		};
/* End PBXCopyFilesBuildPhase section */

/* Begin PBXFileReference section */
		F358F0182D2B4E4F00BCC07B /* Settings View.swift */ = {isa = PBXFileReference; lastKnownFileType = sourcecode.swift; path = "Settings View.swift"; sourceTree = "<group>"; };
		F3F241DC2B8DE596009079CB /* Clippy Board.app */ = {isa = PBXFileReference; explicitFileType = wrapper.application; includeInIndex = 0; path = "Clippy Board.app"; sourceTree = BUILT_PRODUCTS_DIR; };
		F3F241DF2B8DE596009079CB /* Clippy Board App.swift */ = {isa = PBXFileReference; lastKnownFileType = sourcecode.swift; path = "Clippy Board App.swift"; sourceTree = "<group>"; };
		F3F241E52B8DE596009079CB /* Assets.xcassets */ = {isa = PBXFileReference; lastKnownFileType = folder.assetcatalog; path = Assets.xcassets; sourceTree = "<group>"; };
		F3F241EA2B8DE596009079CB /* Clippy Board.entitlements */ = {isa = PBXFileReference; lastKnownFileType = text.plist.entitlements; path = "Clippy Board.entitlements"; sourceTree = "<group>"; };
		F3F241F42B8DE628009079CB /* ServiceManagement.framework */ = {isa = PBXFileReference; lastKnownFileType = wrapper.framework; name = ServiceManagement.framework; path = System/Library/Frameworks/ServiceManagement.framework; sourceTree = SDKROOT; };
		F3F241F72B8DE64D009079CB /* Pasteboard VM.swift */ = {isa = PBXFileReference; fileEncoding = 4; lastKnownFileType = sourcecode.swift; path = "Pasteboard VM.swift"; sourceTree = "<group>"; };
		F3F241F92B8DE64D009079CB /* Pasteboard List.swift */ = {isa = PBXFileReference; fileEncoding = 4; lastKnownFileType = sourcecode.swift; path = "Pasteboard List.swift"; sourceTree = "<group>"; };
		F3F241FB2B8DE64D009079CB /* Pasteboard Card.swift */ = {isa = PBXFileReference; fileEncoding = 4; lastKnownFileType = sourcecode.swift; path = "Pasteboard Card.swift"; sourceTree = "<group>"; };
		F3F241FC2B8DE64D009079CB /* Pasteboard Item.swift */ = {isa = PBXFileReference; fileEncoding = 4; lastKnownFileType = sourcecode.swift; path = "Pasteboard Item.swift"; sourceTree = "<group>"; };
		F3F241FF2B8DE64D009079CB /* Menu Bar Extra View.swift */ = {isa = PBXFileReference; fileEncoding = 4; lastKnownFileType = sourcecode.swift; path = "Menu Bar Extra View.swift"; sourceTree = "<group>"; };
		F3F242032B8DE64D009079CB /* App Container.swift */ = {isa = PBXFileReference; fileEncoding = 4; lastKnownFileType = sourcecode.swift; path = "App Container.swift"; sourceTree = "<group>"; };
		F3F242042B8DE64D009079CB /* Settings Storage.swift */ = {isa = PBXFileReference; fileEncoding = 4; lastKnownFileType = sourcecode.swift; path = "Settings Storage.swift"; sourceTree = "<group>"; };
		F3F242052B8DE64D009079CB /* Text File.swift */ = {isa = PBXFileReference; fileEncoding = 4; lastKnownFileType = sourcecode.swift; path = "Text File.swift"; sourceTree = "<group>"; };
		F3F242062B8DE64D009079CB /* Debug View.swift */ = {isa = PBXFileReference; fileEncoding = 4; lastKnownFileType = sourcecode.swift; path = "Debug View.swift"; sourceTree = "<group>"; };
/* End PBXFileReference section */

/* Begin PBXFrameworksBuildPhase section */
		F3F241D92B8DE596009079CB /* Frameworks */ = {
			isa = PBXFrameworksBuildPhase;
			buildActionMask = 2147483647;
			files = (
				F358F0172D2B4E0D00BCC07B /* LaunchAtLogin in Frameworks */,
				F3F241F22B8DE610009079CB /* ScrechKit in Frameworks */,
				F3F241F52B8DE628009079CB /* ServiceManagement.framework in Frameworks */,
			);
			runOnlyForDeploymentPostprocessing = 0;
		};
/* End PBXFrameworksBuildPhase section */

/* Begin PBXGroup section */
		F358F01A2D2B4E5600BCC07B /* Settings */ = {
			isa = PBXGroup;
			children = (
				F358F0182D2B4E4F00BCC07B /* Settings View.swift */,
			);
			path = Settings;
			sourceTree = "<group>";
		};
		F3F241D32B8DE596009079CB = {
			isa = PBXGroup;
			children = (
				F3F241DE2B8DE596009079CB /* Clippy Board */,
				F3F241DD2B8DE596009079CB /* Products */,
				F3F241F32B8DE628009079CB /* Frameworks */,
			);
			sourceTree = "<group>";
		};
		F3F241DD2B8DE596009079CB /* Products */ = {
			isa = PBXGroup;
			children = (
				F3F241DC2B8DE596009079CB /* Clippy Board.app */,
			);
			name = Products;
			sourceTree = "<group>";
		};
		F3F241DE2B8DE596009079CB /* Clippy Board */ = {
			isa = PBXGroup;
			children = (
				F3F241DF2B8DE596009079CB /* Clippy Board App.swift */,
				F3F241EA2B8DE596009079CB /* Clippy Board.entitlements */,
				F3F241E52B8DE596009079CB /* Assets.xcassets */,
				F3F242042B8DE64D009079CB /* Settings Storage.swift */,
				F3F241FB2B8DE64D009079CB /* Pasteboard Card.swift */,
				F3F241FC2B8DE64D009079CB /* Pasteboard Item.swift */,
				F3F242062B8DE64D009079CB /* Debug View.swift */,
				F3F242052B8DE64D009079CB /* Text File.swift */,
				F3F242022B8DE64D009079CB /* Navigation */,
				F3F241FE2B8DE64D009079CB /* Menu Bar Extra */,
				F3F241F62B8DE64D009079CB /* Pasteboard */,
				F358F01A2D2B4E5600BCC07B /* Settings */,
			);
			path = "Clippy Board";
			sourceTree = "<group>";
		};
		F3F241F32B8DE628009079CB /* Frameworks */ = {
			isa = PBXGroup;
			children = (
				F3F241F42B8DE628009079CB /* ServiceManagement.framework */,
			);
			name = Frameworks;
			sourceTree = "<group>";
		};
		F3F241F62B8DE64D009079CB /* Pasteboard */ = {
			isa = PBXGroup;
			children = (
				F3F241F72B8DE64D009079CB /* Pasteboard VM.swift */,
				F3F241F92B8DE64D009079CB /* Pasteboard List.swift */,
			);
			path = Pasteboard;
			sourceTree = "<group>";
		};
		F3F241FE2B8DE64D009079CB /* Menu Bar Extra */ = {
			isa = PBXGroup;
			children = (
				F3F241FF2B8DE64D009079CB /* Menu Bar Extra View.swift */,
			);
			path = "Menu Bar Extra";
			sourceTree = "<group>";
		};
		F3F242022B8DE64D009079CB /* Navigation */ = {
			isa = PBXGroup;
			children = (
				F3F242032B8DE64D009079CB /* App Container.swift */,
			);
			path = Navigation;
			sourceTree = "<group>";
		};
/* End PBXGroup section */

/* Begin PBXNativeTarget section */
		F3F241DB2B8DE596009079CB /* Clippy Board */ = {
			isa = PBXNativeTarget;
			buildConfigurationList = F3F241ED2B8DE596009079CB /* Build configuration list for PBXNativeTarget "Clippy Board" */;
			buildPhases = (
				F3F241D82B8DE596009079CB /* Sources */,
				F3F241D92B8DE596009079CB /* Frameworks */,
				F3F241DA2B8DE596009079CB /* Resources */,
				F3E238112B8F9C11007FDE0A /* CopyFiles */,
			);
			buildRules = (
			);
			dependencies = (
			);
			name = "Clippy Board";
			packageProductDependencies = (
				F3F241F12B8DE610009079CB /* ScrechKit */,
				F358F0162D2B4E0D00BCC07B /* LaunchAtLogin */,
			);
			productName = "Clippy Board";
			productReference = F3F241DC2B8DE596009079CB /* Clippy Board.app */;
			productType = "com.apple.product-type.application";
		};
/* End PBXNativeTarget section */

/* Begin PBXProject section */
		F3F241D42B8DE596009079CB /* Project object */ = {
			isa = PBXProject;
			attributes = {
				BuildIndependentTargetsInParallel = 1;
				LastSwiftUpdateCheck = 1520;
				LastUpgradeCheck = 1620;
				TargetAttributes = {
					F3F241DB2B8DE596009079CB = {
						CreatedOnToolsVersion = 15.2;
					};
				};
			};
			buildConfigurationList = F3F241D72B8DE596009079CB /* Build configuration list for PBXProject "Clippy Board" */;
			developmentRegion = en;
			hasScannedForEncodings = 0;
			knownRegions = (
				en,
				Base,
			);
			mainGroup = F3F241D32B8DE596009079CB;
			packageReferences = (
				F3F241F02B8DE610009079CB /* XCRemoteSwiftPackageReference "ScrechKit" */,
				F358F0152D2B4E0D00BCC07B /* XCRemoteSwiftPackageReference "LaunchAtLogin-Modern" */,
			);
			preferredProjectObjectVersion = 77;
			productRefGroup = F3F241DD2B8DE596009079CB /* Products */;
			projectDirPath = "";
			projectRoot = "";
			targets = (
				F3F241DB2B8DE596009079CB /* Clippy Board */,
			);
		};
/* End PBXProject section */

/* Begin PBXResourcesBuildPhase section */
		F3F241DA2B8DE596009079CB /* Resources */ = {
			isa = PBXResourcesBuildPhase;
			buildActionMask = 2147483647;
			files = (
				F3F241E62B8DE596009079CB /* Assets.xcassets in Resources */,
			);
			runOnlyForDeploymentPostprocessing = 0;
		};
/* End PBXResourcesBuildPhase section */

/* Begin PBXSourcesBuildPhase section */
		F3F241D82B8DE596009079CB /* Sources */ = {
			isa = PBXSourcesBuildPhase;
			buildActionMask = 2147483647;
			files = (
				F3F242112B8DE64D009079CB /* App Container.swift in Sources */,
				F3F2420E2B8DE64D009079CB /* Menu Bar Extra View.swift in Sources */,
				F3F242122B8DE64D009079CB /* Settings Storage.swift in Sources */,
				F3F242142B8DE64D009079CB /* Debug View.swift in Sources */,
				F3F242072B8DE64D009079CB /* Pasteboard VM.swift in Sources */,
				F3F2420C2B8DE64D009079CB /* Pasteboard Item.swift in Sources */,
				F3F241E02B8DE596009079CB /* Clippy Board App.swift in Sources */,
				F3F242092B8DE64D009079CB /* Pasteboard List.swift in Sources */,
				F3F2420B2B8DE64D009079CB /* Pasteboard Card.swift in Sources */,
				F3F242132B8DE64D009079CB /* Text File.swift in Sources */,
				F358F0192D2B4E4F00BCC07B /* Settings View.swift in Sources */,
			);
			runOnlyForDeploymentPostprocessing = 0;
		};
/* End PBXSourcesBuildPhase section */

/* Begin XCBuildConfiguration section */
		F3F241EB2B8DE596009079CB /* Debug */ = {
			isa = XCBuildConfiguration;
			buildSettings = {
				ALWAYS_SEARCH_USER_PATHS = NO;
				ASSETCATALOG_COMPILER_GENERATE_SWIFT_ASSET_SYMBOL_EXTENSIONS = YES;
				CLANG_ANALYZER_NONNULL = YES;
				CLANG_ANALYZER_NUMBER_OBJECT_CONVERSION = YES_AGGRESSIVE;
				CLANG_CXX_LANGUAGE_STANDARD = "gnu++20";
				CLANG_ENABLE_MODULES = YES;
				CLANG_ENABLE_OBJC_ARC = YES;
				CLANG_ENABLE_OBJC_WEAK = YES;
				CLANG_WARN_BLOCK_CAPTURE_AUTORELEASING = YES;
				CLANG_WARN_BOOL_CONVERSION = YES;
				CLANG_WARN_COMMA = YES;
				CLANG_WARN_CONSTANT_CONVERSION = YES;
				CLANG_WARN_DEPRECATED_OBJC_IMPLEMENTATIONS = YES;
				CLANG_WARN_DIRECT_OBJC_ISA_USAGE = YES_ERROR;
				CLANG_WARN_DOCUMENTATION_COMMENTS = YES;
				CLANG_WARN_EMPTY_BODY = YES;
				CLANG_WARN_ENUM_CONVERSION = YES;
				CLANG_WARN_INFINITE_RECURSION = YES;
				CLANG_WARN_INT_CONVERSION = YES;
				CLANG_WARN_NON_LITERAL_NULL_CONVERSION = YES;
				CLANG_WARN_OBJC_IMPLICIT_RETAIN_SELF = YES;
				CLANG_WARN_OBJC_LITERAL_CONVERSION = YES;
				CLANG_WARN_OBJC_ROOT_CLASS = YES_ERROR;
				CLANG_WARN_QUOTED_INCLUDE_IN_FRAMEWORK_HEADER = YES;
				CLANG_WARN_RANGE_LOOP_ANALYSIS = YES;
				CLANG_WARN_STRICT_PROTOTYPES = YES;
				CLANG_WARN_SUSPICIOUS_MOVE = YES;
				CLANG_WARN_UNGUARDED_AVAILABILITY = YES_AGGRESSIVE;
				CLANG_WARN_UNREACHABLE_CODE = YES;
				CLANG_WARN__DUPLICATE_METHOD_MATCH = YES;
				COPY_PHASE_STRIP = NO;
				DEAD_CODE_STRIPPING = YES;
				DEBUG_INFORMATION_FORMAT = dwarf;
				ENABLE_STRICT_OBJC_MSGSEND = YES;
				ENABLE_TESTABILITY = YES;
				ENABLE_USER_SCRIPT_SANDBOXING = YES;
				GCC_C_LANGUAGE_STANDARD = gnu17;
				GCC_DYNAMIC_NO_PIC = NO;
				GCC_NO_COMMON_BLOCKS = YES;
				GCC_OPTIMIZATION_LEVEL = 0;
				GCC_PREPROCESSOR_DEFINITIONS = (
					"DEBUG=1",
					"$(inherited)",
				);
				GCC_WARN_64_TO_32_BIT_CONVERSION = YES;
				GCC_WARN_ABOUT_RETURN_TYPE = YES_ERROR;
				GCC_WARN_UNDECLARED_SELECTOR = YES;
				GCC_WARN_UNINITIALIZED_AUTOS = YES_AGGRESSIVE;
				GCC_WARN_UNUSED_FUNCTION = YES;
				GCC_WARN_UNUSED_VARIABLE = YES;
				LOCALIZATION_PREFERS_STRING_CATALOGS = YES;
				MACOSX_DEPLOYMENT_TARGET = 14.2;
				MTL_ENABLE_DEBUG_INFO = INCLUDE_SOURCE;
				MTL_FAST_MATH = YES;
				ONLY_ACTIVE_ARCH = YES;
				SDKROOT = macosx;
				SWIFT_ACTIVE_COMPILATION_CONDITIONS = "DEBUG $(inherited)";
				SWIFT_OPTIMIZATION_LEVEL = "-Onone";
			};
			name = Debug;
		};
		F3F241EC2B8DE596009079CB /* Release */ = {
			isa = XCBuildConfiguration;
			buildSettings = {
				ALWAYS_SEARCH_USER_PATHS = NO;
				ASSETCATALOG_COMPILER_GENERATE_SWIFT_ASSET_SYMBOL_EXTENSIONS = YES;
				CLANG_ANALYZER_NONNULL = YES;
				CLANG_ANALYZER_NUMBER_OBJECT_CONVERSION = YES_AGGRESSIVE;
				CLANG_CXX_LANGUAGE_STANDARD = "gnu++20";
				CLANG_ENABLE_MODULES = YES;
				CLANG_ENABLE_OBJC_ARC = YES;
				CLANG_ENABLE_OBJC_WEAK = YES;
				CLANG_WARN_BLOCK_CAPTURE_AUTORELEASING = YES;
				CLANG_WARN_BOOL_CONVERSION = YES;
				CLANG_WARN_COMMA = YES;
				CLANG_WARN_CONSTANT_CONVERSION = YES;
				CLANG_WARN_DEPRECATED_OBJC_IMPLEMENTATIONS = YES;
				CLANG_WARN_DIRECT_OBJC_ISA_USAGE = YES_ERROR;
				CLANG_WARN_DOCUMENTATION_COMMENTS = YES;
				CLANG_WARN_EMPTY_BODY = YES;
				CLANG_WARN_ENUM_CONVERSION = YES;
				CLANG_WARN_INFINITE_RECURSION = YES;
				CLANG_WARN_INT_CONVERSION = YES;
				CLANG_WARN_NON_LITERAL_NULL_CONVERSION = YES;
				CLANG_WARN_OBJC_IMPLICIT_RETAIN_SELF = YES;
				CLANG_WARN_OBJC_LITERAL_CONVERSION = YES;
				CLANG_WARN_OBJC_ROOT_CLASS = YES_ERROR;
				CLANG_WARN_QUOTED_INCLUDE_IN_FRAMEWORK_HEADER = YES;
				CLANG_WARN_RANGE_LOOP_ANALYSIS = YES;
				CLANG_WARN_STRICT_PROTOTYPES = YES;
				CLANG_WARN_SUSPICIOUS_MOVE = YES;
				CLANG_WARN_UNGUARDED_AVAILABILITY = YES_AGGRESSIVE;
				CLANG_WARN_UNREACHABLE_CODE = YES;
				CLANG_WARN__DUPLICATE_METHOD_MATCH = YES;
				COPY_PHASE_STRIP = NO;
				DEAD_CODE_STRIPPING = YES;
				DEBUG_INFORMATION_FORMAT = "dwarf-with-dsym";
				ENABLE_NS_ASSERTIONS = NO;
				ENABLE_STRICT_OBJC_MSGSEND = YES;
				ENABLE_USER_SCRIPT_SANDBOXING = YES;
				GCC_C_LANGUAGE_STANDARD = gnu17;
				GCC_NO_COMMON_BLOCKS = YES;
				GCC_WARN_64_TO_32_BIT_CONVERSION = YES;
				GCC_WARN_ABOUT_RETURN_TYPE = YES_ERROR;
				GCC_WARN_UNDECLARED_SELECTOR = YES;
				GCC_WARN_UNINITIALIZED_AUTOS = YES_AGGRESSIVE;
				GCC_WARN_UNUSED_FUNCTION = YES;
				GCC_WARN_UNUSED_VARIABLE = YES;
				LOCALIZATION_PREFERS_STRING_CATALOGS = YES;
				MACOSX_DEPLOYMENT_TARGET = 14.2;
				MTL_ENABLE_DEBUG_INFO = NO;
				MTL_FAST_MATH = YES;
				SDKROOT = macosx;
				SWIFT_COMPILATION_MODE = wholemodule;
			};
			name = Release;
		};
		F3F241EE2B8DE596009079CB /* Debug */ = {
			isa = XCBuildConfiguration;
			buildSettings = {
				ASSETCATALOG_COMPILER_APPICON_NAME = AppIcon;
				ASSETCATALOG_COMPILER_GLOBAL_ACCENT_COLOR_NAME = AccentColor;
				CODE_SIGN_ENTITLEMENTS = "Clippy Board/Clippy Board.entitlements";
				CODE_SIGN_STYLE = Automatic;
				COMBINE_HIDPI_IMAGES = YES;
				CURRENT_PROJECT_VERSION = 0;
				DEAD_CODE_STRIPPING = YES;
				DEVELOPMENT_ASSET_PATHS = "";
				DEVELOPMENT_TEAM = 8FQUA2F388;
				ENABLE_HARDENED_RUNTIME = YES;
				ENABLE_PREVIEWS = YES;
				GENERATE_INFOPLIST_FILE = YES;
				INFOPLIST_KEY_CFBundleDisplayName = "Clippy Board";
				INFOPLIST_KEY_LSApplicationCategoryType = "public.app-category.utilities";
				INFOPLIST_KEY_NSHumanReadableCopyright = "";
				LD_RUNPATH_SEARCH_PATHS = (
					"$(inherited)",
					"@executable_path/../Frameworks",
				);
				MACOSX_DEPLOYMENT_TARGET = 14.0;
				MARKETING_VERSION = 0.9;
				PRODUCT_BUNDLE_IDENTIFIER = "dev.topscrech.Clippy-Board";
				PRODUCT_NAME = "$(TARGET_NAME)";
				SWIFT_EMIT_LOC_STRINGS = YES;
				SWIFT_VERSION = 5.0;
			};
			name = Debug;
		};
		F3F241EF2B8DE596009079CB /* Release */ = {
			isa = XCBuildConfiguration;
			buildSettings = {
				ASSETCATALOG_COMPILER_APPICON_NAME = AppIcon;
				ASSETCATALOG_COMPILER_GLOBAL_ACCENT_COLOR_NAME = AccentColor;
				CODE_SIGN_ENTITLEMENTS = "Clippy Board/Clippy Board.entitlements";
				CODE_SIGN_STYLE = Automatic;
				COMBINE_HIDPI_IMAGES = YES;
				CURRENT_PROJECT_VERSION = 0;
				DEAD_CODE_STRIPPING = YES;
				DEVELOPMENT_ASSET_PATHS = "";
				DEVELOPMENT_TEAM = 8FQUA2F388;
				ENABLE_HARDENED_RUNTIME = YES;
				ENABLE_PREVIEWS = YES;
				GENERATE_INFOPLIST_FILE = YES;
				INFOPLIST_KEY_CFBundleDisplayName = "Clippy Board";
				INFOPLIST_KEY_LSApplicationCategoryType = "public.app-category.utilities";
				INFOPLIST_KEY_NSHumanReadableCopyright = "";
				LD_RUNPATH_SEARCH_PATHS = (
					"$(inherited)",
					"@executable_path/../Frameworks",
				);
				MACOSX_DEPLOYMENT_TARGET = 14.0;
				MARKETING_VERSION = 0.9;
				PRODUCT_BUNDLE_IDENTIFIER = "dev.topscrech.Clippy-Board";
				PRODUCT_NAME = "$(TARGET_NAME)";
				SWIFT_EMIT_LOC_STRINGS = YES;
				SWIFT_VERSION = 5.0;
			};
			name = Release;
		};
/* End XCBuildConfiguration section */

/* Begin XCConfigurationList section */
		F3F241D72B8DE596009079CB /* Build configuration list for PBXProject "Clippy Board" */ = {
			isa = XCConfigurationList;
			buildConfigurations = (
				F3F241EB2B8DE596009079CB /* Debug */,
				F3F241EC2B8DE596009079CB /* Release */,
			);
			defaultConfigurationIsVisible = 0;
			defaultConfigurationName = Release;
		};
		F3F241ED2B8DE596009079CB /* Build configuration list for PBXNativeTarget "Clippy Board" */ = {
			isa = XCConfigurationList;
			buildConfigurations = (
				F3F241EE2B8DE596009079CB /* Debug */,
				F3F241EF2B8DE596009079CB /* Release */,
			);
			defaultConfigurationIsVisible = 0;
			defaultConfigurationName = Release;
		};
/* End XCConfigurationList section */

/* Begin XCRemoteSwiftPackageReference section */
		F358F0152D2B4E0D00BCC07B /* XCRemoteSwiftPackageReference "LaunchAtLogin-Modern" */ = {
			isa = XCRemoteSwiftPackageReference;
			repositoryURL = "https://github.com/sindresorhus/LaunchAtLogin-Modern";
			requirement = {
				branch = main;
				kind = branch;
			};
		};
		F3F241F02B8DE610009079CB /* XCRemoteSwiftPackageReference "ScrechKit" */ = {
			isa = XCRemoteSwiftPackageReference;
			repositoryURL = "https://github.com/TopScrech/ScrechKit";
			requirement = {
				branch = main;
				kind = branch;
			};
		};
/* End XCRemoteSwiftPackageReference section */

/* Begin XCSwiftPackageProductDependency section */
		F358F0162D2B4E0D00BCC07B /* LaunchAtLogin */ = {
			isa = XCSwiftPackageProductDependency;
			package = F358F0152D2B4E0D00BCC07B /* XCRemoteSwiftPackageReference "LaunchAtLogin-Modern" */;
			productName = LaunchAtLogin;
		};
		F3F241F12B8DE610009079CB /* ScrechKit */ = {
			isa = XCSwiftPackageProductDependency;
			package = F3F241F02B8DE610009079CB /* XCRemoteSwiftPackageReference "ScrechKit" */;
			productName = ScrechKit;
		};
/* End XCSwiftPackageProductDependency section */
	};
	rootObject = F3F241D42B8DE596009079CB /* Project object */;
}
