{
  "originHash" : "1ae01697cebe36182c997011480bce698f9ce7ecc8a6d23d830434e620e0b52c",
  "pins" : [
    {
      "identity" : "launchatlogin-modern",
      "kind" : "remoteSourceControl",
      "location" : "https://github.com/sindresorhus/LaunchAtLogin-Modern",
      "state" : {
        "branch" : "main",
        "revision" : "a04ec1c363be3627734f6dad757d82f5d4fa8fcc"
      }
    },
    {
      "identity" : "screchkit",
      "kind" : "remoteSourceControl",
      "location" : "https://github.com/TopScrech/ScrechKit",
      "state" : {
        "branch" : "main",
        "revision" : "a87f95a7ab173b1c26e87c2dfb8b1393043ff2ae"
      }
    }
  ],
  "version" : 3
}
